
Microsoft Visual Studio Solution File, Format Version 12.00
# Visual Studio 15
VisualStudioVersion = 15.0.28010.2046
MinimumVisualStudioVersion = 10.0.40219.1
Project("{FAE04EC0-301F-11D3-BF4B-00C04F79EFBC}") = "hastaneOtomasyonu", "hastaneOtomasyonu\hastaneOtomasyonu.csproj", "{52925008-3260-414D-ACC6-382CAF714278}"
EndProject
Global
	GlobalSection(SolutionConfigurationPlatforms) = preSolution
		Debug|Any CPU = Debug|Any CPU
		Release|Any CPU = Release|Any CPU
	EndGlobalSection
	GlobalSection(ProjectConfigurationPlatforms) = postSolution
		{52925008-3260-414D-ACC6-382CAF714278}.Debug|Any CPU.ActiveCfg = Debug|Any CPU
		{52925008-3260-414D-ACC6-382CAF714278}.Debug|Any CPU.Build.0 = Debug|Any CPU
		{52925008-3260-414D-ACC6-382CAF714278}.Release|Any CPU.ActiveCfg = Release|Any CPU
		{52925008-3260-414D-ACC6-382CAF714278}.Release|Any CPU.Build.0 = Release|Any CPU
	EndGlobalSection
	GlobalSection(SolutionProperties) = preSolution
		HideSolutionNode = FALSE
	EndGlobalSection
	GlobalSection(ExtensibilityGlobals) = postSolution
		SolutionGuid = {FE12EF25-7EC6-49CC-8737-13E40F5FA1AB}
	EndGlobalSection
EndGlobal
